{
  "originHash" : "a49d3436732215db175869fdab0657f42e967b22cafdd967668bde008b26b8ff",
  "pins" : [
    {
      "identity" : "rxcombine",
      "kind" : "remoteSourceControl",
      "location" : "https://github.com/CombineCommunity/RxCombine",
      "state" : {
        "revision" : "19474c2ac9fde613bba8513bf98990e1aa9831cd",
        "version" : "2.0.1"
      }
    },
    {
      "identity" : "rxswift",
      "kind" : "remoteSourceControl",
      "location" : "https://github.com/ReactiveX/RxSwift.git",
      "state" : {
        "revision" : "132aea4f236ccadc51590b38af0357a331d51fa2",
        "version" : "6.10.2"
      }
    }
  ],
  "version" : 3
}
