// !$*UTF8*$!
{
	archiveVersion = 1;
	classes = {
	};
	objectVersion = 77;
	objects = {

/* Begin PBXBuildFile section */
		5736F7802F44B87B006D08DB /* RxBlocking in Frameworks */ = {isa = PBXBuildFile; productRef = 5736F77F2F44B87B006D08DB /* RxBlocking */; };
		5736F7822F44B87F006D08DB /* RxTest in Frameworks */ = {isa = PBXBuildFile; productRef = 5736F7812F44B87F006D08DB /* RxTest */; };
		578643F92F6893B2004D4310 /* RxCombine in Frameworks */ = {isa = PBXBuildFile; productRef = 578643F82F6893B2004D4310 /* RxCombine */; };
		57AC40302F3B96C600F3EB6E /* RxCocoa in Frameworks */ = {isa = PBXBuildFile; productRef = 57AC402F2F3B96C600F3EB6E /* RxCocoa */; };
		57AC40322F3B96C600F3EB6E /* RxRelay in Frameworks */ = {isa = PBXBuildFile; productRef = 57AC40312F3B96C600F3EB6E /* RxRelay */; };
		57AC40342F3B96C600F3EB6E /* RxSwift in Frameworks */ = {isa = PBXBuildFile; productRef = 57AC40332F3B96C600F3EB6E /* RxSwift */; };
/* End PBXBuildFile section */

/* Begin PBXContainerItemProxy section */
		5736F7792F44AF88006D08DB /* PBXContainerItemProxy */ = {
			isa = PBXContainerItemProxy;
			containerPortal = 57AC400B2F3B967000F3EB6E /* Project object */;
			proxyType = 1;
			remoteGlobalIDString = 57AC40122F3B967000F3EB6E;
			remoteInfo = "reactive-weather";
		};
/* End PBXContainerItemProxy section */

/* Begin PBXFileReference section */
		5736F7752F44AF88006D08DB /* weatherTests.xctest */ = {isa = PBXFileReference; explicitFileType = wrapper.cfbundle; includeInIndex = 0; path = weatherTests.xctest; sourceTree = BUILT_PRODUCTS_DIR; };
		57AC40132F3B967000F3EB6E /* reactive-weather.app */ = {isa = PBXFileReference; explicitFileType = wrapper.application; includeInIndex = 0; path = "reactive-weather.app"; sourceTree = BUILT_PRODUCTS_DIR; };
/* End PBXFileReference section */

/* Begin PBXFileSystemSynchronizedBuildFileExceptionSet section */
		57AC40252F3B967100F3EB6E /* Exceptions for "reactive-weather" folder in "reactive-weather" target */ = {
			isa = PBXFileSystemSynchronizedBuildFileExceptionSet;
			membershipExceptions = (
				Info.plist,
			);
			target = 57AC40122F3B967000F3EB6E /* reactive-weather */;
		};
/* End PBXFileSystemSynchronizedBuildFileExceptionSet section */

/* Begin PBXFileSystemSynchronizedRootGroup section */
		5736F7762F44AF88006D08DB /* weatherTests */ = {
			isa = PBXFileSystemSynchronizedRootGroup;
			path = weatherTests;
			sourceTree = "<group>";
		};
		57AC40152F3B967000F3EB6E /* reactive-weather */ = {
			isa = PBXFileSystemSynchronizedRootGroup;
			exceptions = (
				57AC40252F3B967100F3EB6E /* Exceptions for "reactive-weather" folder in "reactive-weather" target */,
			);
			path = "reactive-weather";
			sourceTree = "<group>";
		};
/* End PBXFileSystemSynchronizedRootGroup section */

/* Begin PBXFrameworksBuildPhase section */
		5736F7722F44AF88006D08DB /* Frameworks */ = {
			isa = PBXFrameworksBuildPhase;
			buildActionMask = 2147483647;
			files = (
				5736F7822F44B87F006D08DB /* RxTest in Frameworks */,
				5736F7802F44B87B006D08DB /* RxBlocking in Frameworks */,
			);
			runOnlyForDeploymentPostprocessing = 0;
		};
		57AC40102F3B967000F3EB6E /* Frameworks */ = {
			isa = PBXFrameworksBuildPhase;
			buildActionMask = 2147483647;
			files = (
				578643F92F6893B2004D4310 /* RxCombine in Frameworks */,
				57AC40342F3B96C600F3EB6E /* RxSwift in Frameworks */,
				57AC40322F3B96C600F3EB6E /* RxRelay in Frameworks */,
				57AC40302F3B96C600F3EB6E /* RxCocoa in Frameworks */,
			);
			runOnlyForDeploymentPostprocessing = 0;
		};
/* End PBXFrameworksBuildPhase section */

/* Begin PBXGroup section */
		5736F77E2F44B87B006D08DB /* Frameworks */ = {
			isa = PBXGroup;
			children = (
			);
			name = Frameworks;
			sourceTree = "<group>";
		};
		57AC400A2F3B967000F3EB6E = {
			isa = PBXGroup;
			children = (
				57AC40152F3B967000F3EB6E /* reactive-weather */,
				5736F7762F44AF88006D08DB /* weatherTests */,
				5736F77E2F44B87B006D08DB /* Frameworks */,
				57AC40142F3B967000F3EB6E /* Products */,
			);
			sourceTree = "<group>";
		};
		57AC40142F3B967000F3EB6E /* Products */ = {
			isa = PBXGroup;
			children = (
				57AC40132F3B967000F3EB6E /* reactive-weather.app */,
				5736F7752F44AF88006D08DB /* weatherTests.xctest */,
			);
			name = Products;
			sourceTree = "<group>";
		};
/* End PBXGroup section */

/* Begin PBXNativeTarget section */
		5736F7742F44AF88006D08DB /* weatherTests */ = {
			isa = PBXNativeTarget;
			buildConfigurationList = 5736F77D2F44AF88006D08DB /* Build configuration list for PBXNativeTarget "weatherTests" */;
			buildPhases = (
				5736F7712F44AF88006D08DB /* Sources */,
				5736F7722F44AF88006D08DB /* Frameworks */,
				5736F7732F44AF88006D08DB /* Resources */,
			);
			buildRules = (
			);
			dependencies = (
				5736F77A2F44AF88006D08DB /* PBXTargetDependency */,
			);
			fileSystemSynchronizedGroups = (
				5736F7762F44AF88006D08DB /* weatherTests */,
			);
			name = weatherTests;
			packageProductDependencies = (
				5736F77F2F44B87B006D08DB /* RxBlocking */,
				5736F7812F44B87F006D08DB /* RxTest */,
			);
			productName = weatherTests;
			productReference = 5736F7752F44AF88006D08DB /* weatherTests.xctest */;
			productType = "com.apple.product-type.bundle.unit-test";
		};
		57AC40122F3B967000F3EB6E /* reactive-weather */ = {
			isa = PBXNativeTarget;
			buildConfigurationList = 57AC40262F3B967100F3EB6E /* Build configuration list for PBXNativeTarget "reactive-weather" */;
			buildPhases = (
				57AC400F2F3B967000F3EB6E /* Sources */,
				57AC40102F3B967000F3EB6E /* Frameworks */,
				57AC40112F3B967000F3EB6E /* Resources */,
			);
			buildRules = (
			);
			dependencies = (
			);
			fileSystemSynchronizedGroups = (
				57AC40152F3B967000F3EB6E /* reactive-weather */,
			);
			name = "reactive-weather";
			packageProductDependencies = (
				57AC402F2F3B96C600F3EB6E /* RxCocoa */,
				57AC40312F3B96C600F3EB6E /* RxRelay */,
				57AC40332F3B96C600F3EB6E /* RxSwift */,
				578643F82F6893B2004D4310 /* RxCombine */,
			);
			productName = "reactive-weather";
			productReference = 57AC40132F3B967000F3EB6E /* reactive-weather.app */;
			productType = "com.apple.product-type.application";
		};
/* End PBXNativeTarget section */

/* Begin PBXProject section */
		57AC400B2F3B967000F3EB6E /* Project object */ = {
			isa = PBXProject;
			attributes = {
				BuildIndependentTargetsInParallel = 1;
				LastSwiftUpdateCheck = 2620;
				LastUpgradeCheck = 2620;
				TargetAttributes = {
					5736F7742F44AF88006D08DB = {
						CreatedOnToolsVersion = 26.2;
						TestTargetID = 57AC40122F3B967000F3EB6E;
					};
					57AC40122F3B967000F3EB6E = {
						CreatedOnToolsVersion = 26.2;
					};
				};
			};
			buildConfigurationList = 57AC400E2F3B967000F3EB6E /* Build configuration list for PBXProject "reactive-weather" */;
			developmentRegion = en;
			hasScannedForEncodings = 0;
			knownRegions = (
				en,
				Base,
			);
			mainGroup = 57AC400A2F3B967000F3EB6E;
			minimizedProjectReferenceProxies = 1;
			packageReferences = (
				57AC402E2F3B96C600F3EB6E /* XCRemoteSwiftPackageReference "RxSwift" */,
				578643F72F6893B2004D4310 /* XCRemoteSwiftPackageReference "RxCombine" */,
			);
			preferredProjectObjectVersion = 77;
			productRefGroup = 57AC40142F3B967000F3EB6E /* Products */;
			projectDirPath = "";
			projectRoot = "";
			targets = (
				57AC40122F3B967000F3EB6E /* reactive-weather */,
				5736F7742F44AF88006D08DB /* weatherTests */,
			);
		};
/* End PBXProject section */

/* Begin PBXResourcesBuildPhase section */
		5736F7732F44AF88006D08DB /* Resources */ = {
			isa = PBXResourcesBuildPhase;
			buildActionMask = 2147483647;
			files = (
			);
			runOnlyForDeploymentPostprocessing = 0;
		};
		57AC40112F3B967000F3EB6E /* Resources */ = {
			isa = PBXResourcesBuildPhase;
			buildActionMask = 2147483647;
			files = (
			);
			runOnlyForDeploymentPostprocessing = 0;
		};
/* End PBXResourcesBuildPhase section */

/* Begin PBXSourcesBuildPhase section */
		5736F7712F44AF88006D08DB /* Sources */ = {
			isa = PBXSourcesBuildPhase;
			buildActionMask = 2147483647;
			files = (
			);
			runOnlyForDeploymentPostprocessing = 0;
		};
		57AC400F2F3B967000F3EB6E /* Sources */ = {
			isa = PBXSourcesBuildPhase;
			buildActionMask = 2147483647;
			files = (
			);
			runOnlyForDeploymentPostprocessing = 0;
		};
/* End PBXSourcesBuildPhase section */

/* Begin PBXTargetDependency section */
		5736F77A2F44AF88006D08DB /* PBXTargetDependency */ = {
			isa = PBXTargetDependency;
			target = 57AC40122F3B967000F3EB6E /* reactive-weather */;
			targetProxy = 5736F7792F44AF88006D08DB /* PBXContainerItemProxy */;
		};
/* End PBXTargetDependency section */

/* Begin XCBuildConfiguration section */
		5736F77B2F44AF88006D08DB /* Debug */ = {
			isa = XCBuildConfiguration;
			buildSettings = {
				BUNDLE_LOADER = "$(TEST_HOST)";
				CODE_SIGN_STYLE = Automatic;
				CURRENT_PROJECT_VERSION = 1;
				DEVELOPMENT_TEAM = X3S7A52MF3;
				GENERATE_INFOPLIST_FILE = YES;
				MARKETING_VERSION = 1.0;
				PRODUCT_BUNDLE_IDENTIFIER = fedorych.weatherTests;
				PRODUCT_NAME = "$(TARGET_NAME)";
				STRING_CATALOG_GENERATE_SYMBOLS = NO;
				SWIFT_APPROACHABLE_CONCURRENCY = YES;
				SWIFT_EMIT_LOC_STRINGS = NO;
				SWIFT_UPCOMING_FEATURE_MEMBER_IMPORT_VISIBILITY = YES;
				SWIFT_VERSION = 5.0;
				TARGETED_DEVICE_FAMILY = "1,2";
				TEST_HOST = "$(BUILT_PRODUCTS_DIR)/reactive-weather.app/$(BUNDLE_EXECUTABLE_FOLDER_PATH)/reactive-weather";
			};
			name = Debug;
		};
		5736F77C2F44AF88006D08DB /* Release */ = {
			isa = XCBuildConfiguration;
			buildSettings = {
				BUNDLE_LOADER = "$(TEST_HOST)";
				CODE_SIGN_STYLE = Automatic;
				CURRENT_PROJECT_VERSION = 1;
				DEVELOPMENT_TEAM = X3S7A52MF3;
				GENERATE_INFOPLIST_FILE = YES;
				MARKETING_VERSION = 1.0;
				PRODUCT_BUNDLE_IDENTIFIER = fedorych.weatherTests;
				PRODUCT_NAME = "$(TARGET_NAME)";
				STRING_CATALOG_GENERATE_SYMBOLS = NO;
				SWIFT_APPROACHABLE_CONCURRENCY = YES;
				SWIFT_EMIT_LOC_STRINGS = NO;
				SWIFT_UPCOMING_FEATURE_MEMBER_IMPORT_VISIBILITY = YES;
				SWIFT_VERSION = 5.0;
				TARGETED_DEVICE_FAMILY = "1,2";
				TEST_HOST = "$(BUILT_PRODUCTS_DIR)/reactive-weather.app/$(BUNDLE_EXECUTABLE_FOLDER_PATH)/reactive-weather";
			};
			name = Release;
		};
		57AC40272F3B967100F3EB6E /* Debug */ = {
			isa = XCBuildConfiguration;
			buildSettings = {
				ASSETCATALOG_COMPILER_APPICON_NAME = AppIcon;
				ASSETCATALOG_COMPILER_GLOBAL_ACCENT_COLOR_NAME = AccentColor;
				CODE_SIGN_STYLE = Automatic;
				CURRENT_PROJECT_VERSION = 1;
				DEVELOPMENT_TEAM = X3S7A52MF3;
				GENERATE_INFOPLIST_FILE = YES;
				INFOPLIST_FILE = "reactive-weather/Info.plist";
				INFOPLIST_KEY_UIApplicationSupportsIndirectInputEvents = YES;
				INFOPLIST_KEY_UILaunchStoryboardName = LaunchScreen;
				INFOPLIST_KEY_UIMainStoryboardFile = Main;
				INFOPLIST_KEY_UISupportedInterfaceOrientations_iPad = "UIInterfaceOrientationPortrait UIInterfaceOrientationPortraitUpsideDown UIInterfaceOrientationLandscapeLeft UIInterfaceOrientationLandscapeRight";
				INFOPLIST_KEY_UISupportedInterfaceOrientations_iPhone = "UIInterfaceOrientationPortrait UIInterfaceOrientationLandscapeLeft UIInterfaceOrientationLandscapeRight";
				LD_RUNPATH_SEARCH_PATHS = (
					"$(inherited)",
					"@executable_path/Frameworks",
				);
				MARKETING_VERSION = 1.0;
				PRODUCT_BUNDLE_IDENTIFIER = "fedorych.reactive-weather";
				PRODUCT_NAME = "$(TARGET_NAME)";
				STRING_CATALOG_GENERATE_SYMBOLS = YES;
				SWIFT_APPROACHABLE_CONCURRENCY = YES;
				SWIFT_DEFAULT_ACTOR_ISOLATION = MainActor;
				SWIFT_EMIT_LOC_STRINGS = YES;
				SWIFT_UPCOMING_FEATURE_MEMBER_IMPORT_VISIBILITY = YES;
				SWIFT_VERSION = 5.0;
				TARGETED_DEVICE_FAMILY = "1,2";
			};
			name = Debug;
		};
		57AC40282F3B967100F3EB6E /* Release */ = {
			isa = XCBuildConfiguration;
			buildSettings = {
				ASSETCATALOG_COMPILER_APPICON_NAME = AppIcon;
				ASSETCATALOG_COMPILER_GLOBAL_ACCENT_COLOR_NAME = AccentColor;
				CODE_SIGN_STYLE = Automatic;
				CURRENT_PROJECT_VERSION = 1;
				DEVELOPMENT_TEAM = X3S7A52MF3;
				GENERATE_INFOPLIST_FILE = YES;
				INFOPLIST_FILE = "reactive-weather/Info.plist";
				INFOPLIST_KEY_UIApplicationSupportsIndirectInputEvents = YES;
				INFOPLIST_KEY_UILaunchStoryboardName = LaunchScreen;
				INFOPLIST_KEY_UIMainStoryboardFile = Main;
				INFOPLIST_KEY_UISupportedInterfaceOrientations_iPad = "UIInterfaceOrientationPortrait UIInterfaceOrientationPortraitUpsideDown UIInterfaceOrientationLandscapeLeft UIInterfaceOrientationLandscapeRight";
				INFOPLIST_KEY_UISupportedInterfaceOrientations_iPhone = "UIInterfaceOrientationPortrait UIInterfaceOrientationLandscapeLeft UIInterfaceOrientationLandscapeRight";
				LD_RUNPATH_SEARCH_PATHS = (
					"$(inherited)",
					"@executable_path/Frameworks",
				);
				MARKETING_VERSION = 1.0;
				PRODUCT_BUNDLE_IDENTIFIER = "fedorych.reactive-weather";
				PRODUCT_NAME = "$(TARGET_NAME)";
				STRING_CATALOG_GENERATE_SYMBOLS = YES;
				SWIFT_APPROACHABLE_CONCURRENCY = YES;
				SWIFT_DEFAULT_ACTOR_ISOLATION = MainActor;
				SWIFT_EMIT_LOC_STRINGS = YES;
				SWIFT_UPCOMING_FEATURE_MEMBER_IMPORT_VISIBILITY = YES;
				SWIFT_VERSION = 5.0;
				TARGETED_DEVICE_FAMILY = "1,2";
			};
			name = Release;
		};
		57AC40292F3B967100F3EB6E /* Debug */ = {
			isa = XCBuildConfiguration;
			buildSettings = {
				ALWAYS_SEARCH_USER_PATHS = NO;
				ASSETCATALOG_COMPILER_GENERATE_SWIFT_ASSET_SYMBOL_EXTENSIONS = YES;
				CLANG_ANALYZER_NONNULL = YES;
				CLANG_ANALYZER_NUMBER_OBJECT_CONVERSION = YES_AGGRESSIVE;
				CLANG_CXX_LANGUAGE_STANDARD = "gnu++20";
				CLANG_ENABLE_MODULES = YES;
				CLANG_ENABLE_OBJC_ARC = YES;
				CLANG_ENABLE_OBJC_WEAK = YES;
				CLANG_WARN_BLOCK_CAPTURE_AUTORELEASING = YES;
				CLANG_WARN_BOOL_CONVERSION = YES;
				CLANG_WARN_COMMA = YES;
				CLANG_WARN_CONSTANT_CONVERSION = YES;
				CLANG_WARN_DEPRECATED_OBJC_IMPLEMENTATIONS = YES;
				CLANG_WARN_DIRECT_OBJC_ISA_USAGE = YES_ERROR;
				CLANG_WARN_DOCUMENTATION_COMMENTS = YES;
				CLANG_WARN_EMPTY_BODY = YES;
				CLANG_WARN_ENUM_CONVERSION = YES;
				CLANG_WARN_INFINITE_RECURSION = YES;
				CLANG_WARN_INT_CONVERSION = YES;
				CLANG_WARN_NON_LITERAL_NULL_CONVERSION = YES;
				CLANG_WARN_OBJC_IMPLICIT_RETAIN_SELF = YES;
				CLANG_WARN_OBJC_LITERAL_CONVERSION = YES;
				CLANG_WARN_OBJC_ROOT_CLASS = YES_ERROR;
				CLANG_WARN_QUOTED_INCLUDE_IN_FRAMEWORK_HEADER = YES;
				CLANG_WARN_RANGE_LOOP_ANALYSIS = YES;
				CLANG_WARN_STRICT_PROTOTYPES = YES;
				CLANG_WARN_SUSPICIOUS_MOVE = YES;
				CLANG_WARN_UNGUARDED_AVAILABILITY = YES_AGGRESSIVE;
				CLANG_WARN_UNREACHABLE_CODE = YES;
				CLANG_WARN__DUPLICATE_METHOD_MATCH = YES;
				COPY_PHASE_STRIP = NO;
				DEBUG_INFORMATION_FORMAT = dwarf;
				DEVELOPMENT_TEAM = X3S7A52MF3;
				ENABLE_STRICT_OBJC_MSGSEND = YES;
				ENABLE_TESTABILITY = YES;
				ENABLE_USER_SCRIPT_SANDBOXING = YES;
				GCC_C_LANGUAGE_STANDARD = gnu17;
				GCC_DYNAMIC_NO_PIC = NO;
				GCC_NO_COMMON_BLOCKS = YES;
				GCC_OPTIMIZATION_LEVEL = 0;
				GCC_PREPROCESSOR_DEFINITIONS = (
					"DEBUG=1",
					"$(inherited)",
				);
				GCC_WARN_64_TO_32_BIT_CONVERSION = YES;
				GCC_WARN_ABOUT_RETURN_TYPE = YES_ERROR;
				GCC_WARN_UNDECLARED_SELECTOR = YES;
				GCC_WARN_UNINITIALIZED_AUTOS = YES_AGGRESSIVE;
				GCC_WARN_UNUSED_FUNCTION = YES;
				GCC_WARN_UNUSED_VARIABLE = YES;
				IPHONEOS_DEPLOYMENT_TARGET = 26.2;
				LOCALIZATION_PREFERS_STRING_CATALOGS = YES;
				MTL_ENABLE_DEBUG_INFO = INCLUDE_SOURCE;
				MTL_FAST_MATH = YES;
				ONLY_ACTIVE_ARCH = YES;
				SDKROOT = iphoneos;
				SWIFT_ACTIVE_COMPILATION_CONDITIONS = "DEBUG $(inherited)";
				SWIFT_OPTIMIZATION_LEVEL = "-Onone";
			};
			name = Debug;
		};
		57AC402A2F3B967100F3EB6E /* Release */ = {
			isa = XCBuildConfiguration;
			buildSettings = {
				ALWAYS_SEARCH_USER_PATHS = NO;
				ASSETCATALOG_COMPILER_GENERATE_SWIFT_ASSET_SYMBOL_EXTENSIONS = YES;
				CLANG_ANALYZER_NONNULL = YES;
				CLANG_ANALYZER_NUMBER_OBJECT_CONVERSION = YES_AGGRESSIVE;
				CLANG_CXX_LANGUAGE_STANDARD = "gnu++20";
				CLANG_ENABLE_MODULES = YES;
				CLANG_ENABLE_OBJC_ARC = YES;
				CLANG_ENABLE_OBJC_WEAK = YES;
				CLANG_WARN_BLOCK_CAPTURE_AUTORELEASING = YES;
				CLANG_WARN_BOOL_CONVERSION = YES;
				CLANG_WARN_COMMA = YES;
				CLANG_WARN_CONSTANT_CONVERSION = YES;
				CLANG_WARN_DEPRECATED_OBJC_IMPLEMENTATIONS = YES;
				CLANG_WARN_DIRECT_OBJC_ISA_USAGE = YES_ERROR;
				CLANG_WARN_DOCUMENTATION_COMMENTS = YES;
				CLANG_WARN_EMPTY_BODY = YES;
				CLANG_WARN_ENUM_CONVERSION = YES;
				CLANG_WARN_INFINITE_RECURSION = YES;
				CLANG_WARN_INT_CONVERSION = YES;
				CLANG_WARN_NON_LITERAL_NULL_CONVERSION = YES;
				CLANG_WARN_OBJC_IMPLICIT_RETAIN_SELF = YES;
				CLANG_WARN_OBJC_LITERAL_CONVERSION = YES;
				CLANG_WARN_OBJC_ROOT_CLASS = YES_ERROR;
				CLANG_WARN_QUOTED_INCLUDE_IN_FRAMEWORK_HEADER = YES;
				CLANG_WARN_RANGE_LOOP_ANALYSIS = YES;
				CLANG_WARN_STRICT_PROTOTYPES = YES;
				CLANG_WARN_SUSPICIOUS_MOVE = YES;
				CLANG_WARN_UNGUARDED_AVAILABILITY = YES_AGGRESSIVE;
				CLANG_WARN_UNREACHABLE_CODE = YES;
				CLANG_WARN__DUPLICATE_METHOD_MATCH = YES;
				COPY_PHASE_STRIP = NO;
				DEBUG_INFORMATION_FORMAT = "dwarf-with-dsym";
				DEVELOPMENT_TEAM = X3S7A52MF3;
				ENABLE_NS_ASSERTIONS = NO;
				ENABLE_STRICT_OBJC_MSGSEND = YES;
				ENABLE_USER_SCRIPT_SANDBOXING = YES;
				GCC_C_LANGUAGE_STANDARD = gnu17;
				GCC_NO_COMMON_BLOCKS = YES;
				GCC_WARN_64_TO_32_BIT_CONVERSION = YES;
				GCC_WARN_ABOUT_RETURN_TYPE = YES_ERROR;
				GCC_WARN_UNDECLARED_SELECTOR = YES;
				GCC_WARN_UNINITIALIZED_AUTOS = YES_AGGRESSIVE;
				GCC_WARN_UNUSED_FUNCTION = YES;
				GCC_WARN_UNUSED_VARIABLE = YES;
				IPHONEOS_DEPLOYMENT_TARGET = 26.2;
				LOCALIZATION_PREFERS_STRING_CATALOGS = YES;
				MTL_ENABLE_DEBUG_INFO = NO;
				MTL_FAST_MATH = YES;
				SDKROOT = iphoneos;
				SWIFT_COMPILATION_MODE = wholemodule;
				VALIDATE_PRODUCT = YES;
			};
			name = Release;
		};
/* End XCBuildConfiguration section */

/* Begin XCConfigurationList section */
		5736F77D2F44AF88006D08DB /* Build configuration list for PBXNativeTarget "weatherTests" */ = {
			isa = XCConfigurationList;
			buildConfigurations = (
				5736F77B2F44AF88006D08DB /* Debug */,
				5736F77C2F44AF88006D08DB /* Release */,
			);
			defaultConfigurationIsVisible = 0;
			defaultConfigurationName = Release;
		};
		57AC400E2F3B967000F3EB6E /* Build configuration list for PBXProject "reactive-weather" */ = {
			isa = XCConfigurationList;
			buildConfigurations = (
				57AC40292F3B967100F3EB6E /* Debug */,
				57AC402A2F3B967100F3EB6E /* Release */,
			);
			defaultConfigurationIsVisible = 0;
			defaultConfigurationName = Release;
		};
		57AC40262F3B967100F3EB6E /* Build configuration list for PBXNativeTarget "reactive-weather" */ = {
			isa = XCConfigurationList;
			buildConfigurations = (
				57AC40272F3B967100F3EB6E /* Debug */,
				57AC40282F3B967100F3EB6E /* Release */,
			);
			defaultConfigurationIsVisible = 0;
			defaultConfigurationName = Release;
		};
/* End XCConfigurationList section */

/* Begin XCRemoteSwiftPackageReference section */
		578643F72F6893B2004D4310 /* XCRemoteSwiftPackageReference "RxCombine" */ = {
			isa = XCRemoteSwiftPackageReference;
			repositoryURL = "https://github.com/CombineCommunity/RxCombine";
			requirement = {
				kind = upToNextMajorVersion;
				minimumVersion = 2.0.1;
			};
		};
		57AC402E2F3B96C600F3EB6E /* XCRemoteSwiftPackageReference "RxSwift" */ = {
			isa = XCRemoteSwiftPackageReference;
			repositoryURL = "https://github.com/ReactiveX/RxSwift.git";
			requirement = {
				kind = exactVersion;
				version = 6.0.0;
			};
		};
/* End XCRemoteSwiftPackageReference section */

/* Begin XCSwiftPackageProductDependency section */
		5736F77F2F44B87B006D08DB /* RxBlocking */ = {
			isa = XCSwiftPackageProductDependency;
			package = 57AC402E2F3B96C600F3EB6E /* XCRemoteSwiftPackageReference "RxSwift" */;
			productName = RxBlocking;
		};
		5736F7812F44B87F006D08DB /* RxTest */ = {
			isa = XCSwiftPackageProductDependency;
			package = 57AC402E2F3B96C600F3EB6E /* XCRemoteSwiftPackageReference "RxSwift" */;
			productName = RxTest;
		};
		578643F82F6893B2004D4310 /* RxCombine */ = {
			isa = XCSwiftPackageProductDependency;
			package = 578643F72F6893B2004D4310 /* XCRemoteSwiftPackageReference "RxCombine" */;
			productName = RxCombine;
		};
		57AC402F2F3B96C600F3EB6E /* RxCocoa */ = {
			isa = XCSwiftPackageProductDependency;
			package = 57AC402E2F3B96C600F3EB6E /* XCRemoteSwiftPackageReference "RxSwift" */;
			productName = RxCocoa;
		};
		57AC40312F3B96C600F3EB6E /* RxRelay */ = {
			isa = XCSwiftPackageProductDependency;
			package = 57AC402E2F3B96C600F3EB6E /* XCRemoteSwiftPackageReference "RxSwift" */;
			productName = RxRelay;
		};
		57AC40332F3B96C600F3EB6E /* RxSwift */ = {
			isa = XCSwiftPackageProductDependency;
			package = 57AC402E2F3B96C600F3EB6E /* XCRemoteSwiftPackageReference "RxSwift" */;
			productName = RxSwift;
		};
/* End XCSwiftPackageProductDependency section */
	};
	rootObject = 57AC400B2F3B967000F3EB6E /* Project object */;
}
